
Microsoft Visual Studio Solution File, Format Version 12.00
# Visual Studio Version 16
VisualStudioVersion = 16.0.28803.452
MinimumVisualStudioVersion = 10.0.40219.1
Project("{FAE04EC0-301F-11D3-BF4B-00C04F79EFBC}") = "Exo1", "Exo1\Exo1.csproj", "{079BE7D3-F89D-4888-8F00-DC272D84E3F3}"
EndProject
Project("{FAE04EC0-301F-11D3-BF4B-00C04F79EFBC}") = "Boucles", "Boucles\Boucles.csproj", "{8DD12D78-7BA2-4F9E-9D7A-D616E5C88099}"
EndProject
Global
	GlobalSection(SolutionConfigurationPlatforms) = preSolution
		Debug|Any CPU = Debug|Any CPU
		Release|Any CPU = Release|Any CPU
	EndGlobalSection
	GlobalSection(ProjectConfigurationPlatforms) = postSolution
		{079BE7D3-F89D-4888-8F00-DC272D84E3F3}.Debug|Any CPU.ActiveCfg = Debug|Any CPU
		{079BE7D3-F89D-4888-8F00-DC272D84E3F3}.Debug|Any CPU.Build.0 = Debug|Any CPU
		{079BE7D3-F89D-4888-8F00-DC272D84E3F3}.Release|Any CPU.ActiveCfg = Release|Any CPU
		{079BE7D3-F89D-4888-8F00-DC272D84E3F3}.Release|Any CPU.Build.0 = Release|Any CPU
		{8DD12D78-7BA2-4F9E-9D7A-D616E5C88099}.Debug|Any CPU.ActiveCfg = Debug|Any CPU
		{8DD12D78-7BA2-4F9E-9D7A-D616E5C88099}.Debug|Any CPU.Build.0 = Debug|Any CPU
		{8DD12D78-7BA2-4F9E-9D7A-D616E5C88099}.Release|Any CPU.ActiveCfg = Release|Any CPU
		{8DD12D78-7BA2-4F9E-9D7A-D616E5C88099}.Release|Any CPU.Build.0 = Release|Any CPU
	EndGlobalSection
	GlobalSection(SolutionProperties) = preSolution
		HideSolutionNode = FALSE
	EndGlobalSection
	GlobalSection(ExtensibilityGlobals) = postSolution
		SolutionGuid = {893925C9-73C4-4595-88C7-2D6C7CC14FCC}
	EndGlobalSection
EndGlobal
